
Microsoft Visual Studio Solution File, Format Version 12.00
# Visual Studio Version 17
VisualStudioVersion = 17.5.33502.453
MinimumVisualStudioVersion = 10.0.40219.1
Project("{FAE04EC0-301F-11D3-BF4B-00C04F79EFBC}") = "OnlineBookShop", "OnlineBookShop.csproj", "{DD515304-4AC5-42FD-9F9B-9B231D70E35C}"
EndProject
Global
	GlobalSection(SolutionConfigurationPlatforms) = preSolution
		Debug|Any CPU = Debug|Any CPU
		Release|Any CPU = Release|Any CPU
	EndGlobalSection
	GlobalSection(ProjectConfigurationPlatforms) = postSolution
		{DD515304-4AC5-42FD-9F9B-9B231D70E35C}.Debug|Any CPU.ActiveCfg = Debug|Any CPU
		{DD515304-4AC5-42FD-9F9B-9B231D70E35C}.Debug|Any CPU.Build.0 = Debug|Any CPU
		{DD515304-4AC5-42FD-9F9B-9B231D70E35C}.Release|Any CPU.ActiveCfg = Release|Any CPU
		{DD515304-4AC5-42FD-9F9B-9B231D70E35C}.Release|Any CPU.Build.0 = Release|Any CPU
	EndGlobalSection
	GlobalSection(SolutionProperties) = preSolution
		HideSolutionNode = FALSE
	EndGlobalSection
	GlobalSection(ExtensibilityGlobals) = postSolution
		SolutionGuid = {3748965A-A4E9-46DD-849F-13AB4A6EA54A}
	EndGlobalSection
EndGlobal
